
Microsoft Visual Studio Solution File, Format Version 12.00
# Visual Studio 2013
VisualStudioVersion = 12.0.40629.0
MinimumVisualStudioVersion = 10.0.40219.1
Project("{FAE04EC0-301F-11D3-BF4B-00C04F79EFBC}") = "Zydeo", "Zydeo\Zydeo.csproj", "{5550F54A-EFBC-4A7B-876A-227D335193DB}"
EndProject
Project("{FAE04EC0-301F-11D3-BF4B-00C04F79EFBC}") = "ZD.HanziLookup", "ZD.HanziLookup\ZD.HanziLookup.csproj", "{2FC960FF-70A2-4C5E-A4ED-EB9557F01279}"
EndProject
Project("{FAE04EC0-301F-11D3-BF4B-00C04F79EFBC}") = "ZD.Common", "ZD.Common\ZD.Common.csproj", "{D151811C-2CF7-4EA9-8A09-052CC5C2F695}"
EndProject
Project("{FAE04EC0-301F-11D3-BF4B-00C04F79EFBC}") = "ZD.Gui.Zen", "ZD.Gui.Zen\ZD.Gui.Zen.csproj", "{EB902A28-802F-4EE8-A98B-221706BCCA44}"
EndProject
Project("{FAE04EC0-301F-11D3-BF4B-00C04F79EFBC}") = "ZD.Gui", "ZD.Gui\ZD.Gui.csproj", "{E08421C2-073F-4E52-A4CC-1AB4BAF1EEE3}"
EndProject
Project("{2150E333-8FDC-42A3-9474-1A3956D46DE8}") = "Tools", "Tools", "{50B69189-BC6F-42A4-B718-384FB65EE93C}"
EndProject
Project("{FAE04EC0-301F-11D3-BF4B-00C04F79EFBC}") = "ZD.CedictEngine", "ZD.CedictEngine\ZD.CedictEngine.csproj", "{5C3BD324-3B92-4F78-86A4-77DAD6801BD2}"
EndProject
Project("{FAE04EC0-301F-11D3-BF4B-00C04F79EFBC}") = "ZD.Texts", "ZD.Texts\ZD.Texts.csproj", "{78DC52AB-427A-4EF7-9466-61417520295A}"
EndProject
Project("{FAE04EC0-301F-11D3-BF4B-00C04F79EFBC}") = "ZD.FontTest", "Tools\ZD.FontTest\ZD.FontTest.csproj", "{F683619B-119C-45E2-8494-11407B5E84AE}"
EndProject
Project("{FAE04EC0-301F-11D3-BF4B-00C04F79EFBC}") = "ZD.CedictCompileTool", "Tools\ZD.CedictCompileTool\ZD.CedictCompileTool.csproj", "{DBACF450-2FB8-4E48-BD22-D7DF9F058758}"
EndProject
Project("{FAE04EC0-301F-11D3-BF4B-00C04F79EFBC}") = "ZD.MiscTool", "Tools\ZD.MiscTool\ZD.MiscTool.csproj", "{3E83478E-F8BF-476A-9F53-AAC026F26EEB}"
EndProject
Project("{FAE04EC0-301F-11D3-BF4B-00C04F79EFBC}") = "ZD.StrokesCompiler", "Tools\ZD.StrokesCompiler\ZD.StrokesCompiler.csproj", "{2FFE8DAB-7CC7-40FF-9523-38E6C15DE67B}"
EndProject
Project("{FAE04EC0-301F-11D3-BF4B-00C04F79EFBC}") = "ZD.AU", "ZD.AU\ZD.AU.csproj", "{E01BC3B1-39D0-4A8F-BBEC-356302DA200D}"
EndProject
Project("{FAE04EC0-301F-11D3-BF4B-00C04F79EFBC}") = "ZDO.Site", "ZDO.Site\ZDO.Site.csproj", "{48E00908-2F7A-49EF-9165-B81D1F12A1F5}"
EndProject
Project("{FAE04EC0-301F-11D3-BF4B-00C04F79EFBC}") = "ZDO.IpResolve", "ZDO.IpResolve\ZDO.IpResolve.csproj", "{A64D1FC3-16EE-4E3D-B9F2-30C199D9D34D}"
EndProject
Project("{FAE04EC0-301F-11D3-BF4B-00C04F79EFBC}") = "ZD.UnihanCompiler", "Tools\ZD.UnihanCompiler\ZD.UnihanCompiler.csproj", "{C668C8FD-DF17-4511-8E41-DB564C64BEE4}"
EndProject
Project("{FAE04EC0-301F-11D3-BF4B-00C04F79EFBC}") = "ZDO.CHSite", "ZDO.CHSite\ZDO.CHSite.csproj", "{18A153C0-FF93-4F7F-9899-D032321D2FB0}"
EndProject
Project("{FAE04EC0-301F-11D3-BF4B-00C04F79EFBC}") = "ZD.Colloc", "ZD.Colloc\ZD.Colloc.csproj", "{ABA5C555-D714-48B4-87E2-4BE5272543D1}"
EndProject
Global
	GlobalSection(SolutionConfigurationPlatforms) = preSolution
		Debug|Any CPU = Debug|Any CPU
		Debug|Force32 = Debug|Force32
		Release|Any CPU = Release|Any CPU
		Release|Force32 = Release|Force32
	EndGlobalSection
	GlobalSection(ProjectConfigurationPlatforms) = postSolution
		{5550F54A-EFBC-4A7B-876A-227D335193DB}.Debug|Any CPU.ActiveCfg = Debug|Any CPU
		{5550F54A-EFBC-4A7B-876A-227D335193DB}.Debug|Any CPU.Build.0 = Debug|Any CPU
		{5550F54A-EFBC-4A7B-876A-227D335193DB}.Debug|Force32.ActiveCfg = Debug|x86
		{5550F54A-EFBC-4A7B-876A-227D335193DB}.Debug|Force32.Build.0 = Debug|x86
		{5550F54A-EFBC-4A7B-876A-227D335193DB}.Release|Any CPU.ActiveCfg = Release|Any CPU
		{5550F54A-EFBC-4A7B-876A-227D335193DB}.Release|Any CPU.Build.0 = Release|Any CPU
		{5550F54A-EFBC-4A7B-876A-227D335193DB}.Release|Force32.ActiveCfg = Release|x86
		{5550F54A-EFBC-4A7B-876A-227D335193DB}.Release|Force32.Build.0 = Release|x86
		{2FC960FF-70A2-4C5E-A4ED-EB9557F01279}.Debug|Any CPU.ActiveCfg = Debug|Any CPU
		{2FC960FF-70A2-4C5E-A4ED-EB9557F01279}.Debug|Any CPU.Build.0 = Debug|Any CPU
		{2FC960FF-70A2-4C5E-A4ED-EB9557F01279}.Debug|Force32.ActiveCfg = Debug|Any CPU
		{2FC960FF-70A2-4C5E-A4ED-EB9557F01279}.Debug|Force32.Build.0 = Debug|Any CPU
		{2FC960FF-70A2-4C5E-A4ED-EB9557F01279}.Release|Any CPU.ActiveCfg = Release|Any CPU
		{2FC960FF-70A2-4C5E-A4ED-EB9557F01279}.Release|Any CPU.Build.0 = Release|Any CPU
		{2FC960FF-70A2-4C5E-A4ED-EB9557F01279}.Release|Force32.ActiveCfg = Release|Any CPU
		{2FC960FF-70A2-4C5E-A4ED-EB9557F01279}.Release|Force32.Build.0 = Release|Any CPU
		{D151811C-2CF7-4EA9-8A09-052CC5C2F695}.Debug|Any CPU.ActiveCfg = Debug|Any CPU
		{D151811C-2CF7-4EA9-8A09-052CC5C2F695}.Debug|Any CPU.Build.0 = Debug|Any CPU
		{D151811C-2CF7-4EA9-8A09-052CC5C2F695}.Debug|Force32.ActiveCfg = Debug|Any CPU
		{D151811C-2CF7-4EA9-8A09-052CC5C2F695}.Debug|Force32.Build.0 = Debug|Any CPU
		{D151811C-2CF7-4EA9-8A09-052CC5C2F695}.Release|Any CPU.ActiveCfg = Release|Any CPU
		{D151811C-2CF7-4EA9-8A09-052CC5C2F695}.Release|Any CPU.Build.0 = Release|Any CPU
		{D151811C-2CF7-4EA9-8A09-052CC5C2F695}.Release|Force32.ActiveCfg = Release|Any CPU
		{D151811C-2CF7-4EA9-8A09-052CC5C2F695}.Release|Force32.Build.0 = Release|Any CPU
		{EB902A28-802F-4EE8-A98B-221706BCCA44}.Debug|Any CPU.ActiveCfg = Debug|Any CPU
		{EB902A28-802F-4EE8-A98B-221706BCCA44}.Debug|Any CPU.Build.0 = Debug|Any CPU
		{EB902A28-802F-4EE8-A98B-221706BCCA44}.Debug|Force32.ActiveCfg = Debug|Any CPU
		{EB902A28-802F-4EE8-A98B-221706BCCA44}.Debug|Force32.Build.0 = Debug|Any CPU
		{EB902A28-802F-4EE8-A98B-221706BCCA44}.Release|Any CPU.ActiveCfg = Release|Any CPU
		{EB902A28-802F-4EE8-A98B-221706BCCA44}.Release|Any CPU.Build.0 = Release|Any CPU
		{EB902A28-802F-4EE8-A98B-221706BCCA44}.Release|Force32.ActiveCfg = Release|Any CPU
		{EB902A28-802F-4EE8-A98B-221706BCCA44}.Release|Force32.Build.0 = Release|Any CPU
		{E08421C2-073F-4E52-A4CC-1AB4BAF1EEE3}.Debug|Any CPU.ActiveCfg = Debug|Any CPU
		{E08421C2-073F-4E52-A4CC-1AB4BAF1EEE3}.Debug|Any CPU.Build.0 = Debug|Any CPU
		{E08421C2-073F-4E52-A4CC-1AB4BAF1EEE3}.Debug|Force32.ActiveCfg = Debug|Any CPU
		{E08421C2-073F-4E52-A4CC-1AB4BAF1EEE3}.Debug|Force32.Build.0 = Debug|Any CPU
		{E08421C2-073F-4E52-A4CC-1AB4BAF1EEE3}.Release|Any CPU.ActiveCfg = Release|Any CPU
		{E08421C2-073F-4E52-A4CC-1AB4BAF1EEE3}.Release|Any CPU.Build.0 = Release|Any CPU
		{E08421C2-073F-4E52-A4CC-1AB4BAF1EEE3}.Release|Force32.ActiveCfg = Release|Any CPU
		{E08421C2-073F-4E52-A4CC-1AB4BAF1EEE3}.Release|Force32.Build.0 = Release|Any CPU
		{5C3BD324-3B92-4F78-86A4-77DAD6801BD2}.Debug|Any CPU.ActiveCfg = Debug|Any CPU
		{5C3BD324-3B92-4F78-86A4-77DAD6801BD2}.Debug|Any CPU.Build.0 = Debug|Any CPU
		{5C3BD324-3B92-4F78-86A4-77DAD6801BD2}.Debug|Force32.ActiveCfg = Debug|Any CPU
		{5C3BD324-3B92-4F78-86A4-77DAD6801BD2}.Debug|Force32.Build.0 = Debug|Any CPU
		{5C3BD324-3B92-4F78-86A4-77DAD6801BD2}.Release|Any CPU.ActiveCfg = Release|Any CPU
		{5C3BD324-3B92-4F78-86A4-77DAD6801BD2}.Release|Any CPU.Build.0 = Release|Any CPU
		{5C3BD324-3B92-4F78-86A4-77DAD6801BD2}.Release|Force32.ActiveCfg = Release|Any CPU
		{5C3BD324-3B92-4F78-86A4-77DAD6801BD2}.Release|Force32.Build.0 = Release|Any CPU
		{78DC52AB-427A-4EF7-9466-61417520295A}.Debug|Any CPU.ActiveCfg = Debug|Any CPU
		{78DC52AB-427A-4EF7-9466-61417520295A}.Debug|Any CPU.Build.0 = Debug|Any CPU
		{78DC52AB-427A-4EF7-9466-61417520295A}.Debug|Force32.ActiveCfg = Debug|Any CPU
		{78DC52AB-427A-4EF7-9466-61417520295A}.Debug|Force32.Build.0 = Debug|Any CPU
		{78DC52AB-427A-4EF7-9466-61417520295A}.Release|Any CPU.ActiveCfg = Release|Any CPU
		{78DC52AB-427A-4EF7-9466-61417520295A}.Release|Any CPU.Build.0 = Release|Any CPU
		{78DC52AB-427A-4EF7-9466-61417520295A}.Release|Force32.ActiveCfg = Release|Any CPU
		{78DC52AB-427A-4EF7-9466-61417520295A}.Release|Force32.Build.0 = Release|Any CPU
		{F683619B-119C-45E2-8494-11407B5E84AE}.Debug|Any CPU.ActiveCfg = Debug|Any CPU
		{F683619B-119C-45E2-8494-11407B5E84AE}.Debug|Any CPU.Build.0 = Debug|Any CPU
		{F683619B-119C-45E2-8494-11407B5E84AE}.Debug|Force32.ActiveCfg = Debug|Any CPU
		{F683619B-119C-45E2-8494-11407B5E84AE}.Release|Any CPU.ActiveCfg = Release|Any CPU
		{F683619B-119C-45E2-8494-11407B5E84AE}.Release|Any CPU.Build.0 = Release|Any CPU
		{F683619B-119C-45E2-8494-11407B5E84AE}.Release|Force32.ActiveCfg = Release|Any CPU
		{DBACF450-2FB8-4E48-BD22-D7DF9F058758}.Debug|Any CPU.ActiveCfg = Debug|Any CPU
		{DBACF450-2FB8-4E48-BD22-D7DF9F058758}.Debug|Any CPU.Build.0 = Debug|Any CPU
		{DBACF450-2FB8-4E48-BD22-D7DF9F058758}.Debug|Force32.ActiveCfg = Debug|Any CPU
		{DBACF450-2FB8-4E48-BD22-D7DF9F058758}.Release|Any CPU.ActiveCfg = Release|Any CPU
		{DBACF450-2FB8-4E48-BD22-D7DF9F058758}.Release|Any CPU.Build.0 = Release|Any CPU
		{DBACF450-2FB8-4E48-BD22-D7DF9F058758}.Release|Force32.ActiveCfg = Release|Any CPU
		{3E83478E-F8BF-476A-9F53-AAC026F26EEB}.Debug|Any CPU.ActiveCfg = Debug|Any CPU
		{3E83478E-F8BF-476A-9F53-AAC026F26EEB}.Debug|Any CPU.Build.0 = Debug|Any CPU
		{3E83478E-F8BF-476A-9F53-AAC026F26EEB}.Debug|Force32.ActiveCfg = Debug|Any CPU
		{3E83478E-F8BF-476A-9F53-AAC026F26EEB}.Release|Any CPU.ActiveCfg = Release|Any CPU
		{3E83478E-F8BF-476A-9F53-AAC026F26EEB}.Release|Any CPU.Build.0 = Release|Any CPU
		{3E83478E-F8BF-476A-9F53-AAC026F26EEB}.Release|Force32.ActiveCfg = Release|Any CPU
		{2FFE8DAB-7CC7-40FF-9523-38E6C15DE67B}.Debug|Any CPU.ActiveCfg = Debug|Any CPU
		{2FFE8DAB-7CC7-40FF-9523-38E6C15DE67B}.Debug|Any CPU.Build.0 = Debug|Any CPU
		{2FFE8DAB-7CC7-40FF-9523-38E6C15DE67B}.Debug|Force32.ActiveCfg = Debug|Any CPU
		{2FFE8DAB-7CC7-40FF-9523-38E6C15DE67B}.Release|Any CPU.ActiveCfg = Release|Any CPU
		{2FFE8DAB-7CC7-40FF-9523-38E6C15DE67B}.Release|Any CPU.Build.0 = Release|Any CPU
		{2FFE8DAB-7CC7-40FF-9523-38E6C15DE67B}.Release|Force32.ActiveCfg = Release|Any CPU
		{E01BC3B1-39D0-4A8F-BBEC-356302DA200D}.Debug|Any CPU.ActiveCfg = Debug|Any CPU
		{E01BC3B1-39D0-4A8F-BBEC-356302DA200D}.Debug|Any CPU.Build.0 = Debug|Any CPU
		{E01BC3B1-39D0-4A8F-BBEC-356302DA200D}.Debug|Force32.ActiveCfg = Debug|Any CPU
		{E01BC3B1-39D0-4A8F-BBEC-356302DA200D}.Release|Any CPU.ActiveCfg = Release|Any CPU
		{E01BC3B1-39D0-4A8F-BBEC-356302DA200D}.Release|Any CPU.Build.0 = Release|Any CPU
		{E01BC3B1-39D0-4A8F-BBEC-356302DA200D}.Release|Force32.ActiveCfg = Release|Any CPU
		{48E00908-2F7A-49EF-9165-B81D1F12A1F5}.Debug|Any CPU.ActiveCfg = Debug|Any CPU
		{48E00908-2F7A-49EF-9165-B81D1F12A1F5}.Debug|Any CPU.Build.0 = Debug|Any CPU
		{48E00908-2F7A-49EF-9165-B81D1F12A1F5}.Debug|Force32.ActiveCfg = Debug|Any CPU
		{48E00908-2F7A-49EF-9165-B81D1F12A1F5}.Release|Any CPU.ActiveCfg = Release|Any CPU
		{48E00908-2F7A-49EF-9165-B81D1F12A1F5}.Release|Any CPU.Build.0 = Release|Any CPU
		{48E00908-2F7A-49EF-9165-B81D1F12A1F5}.Release|Force32.ActiveCfg = Release|Any CPU
		{A64D1FC3-16EE-4E3D-B9F2-30C199D9D34D}.Debug|Any CPU.ActiveCfg = Debug|Any CPU
		{A64D1FC3-16EE-4E3D-B9F2-30C199D9D34D}.Debug|Any CPU.Build.0 = Debug|Any CPU
		{A64D1FC3-16EE-4E3D-B9F2-30C199D9D34D}.Debug|Force32.ActiveCfg = Debug|Any CPU
		{A64D1FC3-16EE-4E3D-B9F2-30C199D9D34D}.Release|Any CPU.ActiveCfg = Release|Any CPU
		{A64D1FC3-16EE-4E3D-B9F2-30C199D9D34D}.Release|Any CPU.Build.0 = Release|Any CPU
		{A64D1FC3-16EE-4E3D-B9F2-30C199D9D34D}.Release|Force32.ActiveCfg = Release|Any CPU
		{C668C8FD-DF17-4511-8E41-DB564C64BEE4}.Debug|Any CPU.ActiveCfg = Debug|Any CPU
		{C668C8FD-DF17-4511-8E41-DB564C64BEE4}.Debug|Any CPU.Build.0 = Debug|Any CPU
		{C668C8FD-DF17-4511-8E41-DB564C64BEE4}.Debug|Force32.ActiveCfg = Debug|Any CPU
		{C668C8FD-DF17-4511-8E41-DB564C64BEE4}.Release|Any CPU.ActiveCfg = Release|Any CPU
		{C668C8FD-DF17-4511-8E41-DB564C64BEE4}.Release|Any CPU.Build.0 = Release|Any CPU
		{C668C8FD-DF17-4511-8E41-DB564C64BEE4}.Release|Force32.ActiveCfg = Release|Any CPU
		{18A153C0-FF93-4F7F-9899-D032321D2FB0}.Debug|Any CPU.ActiveCfg = Debug|Any CPU
		{18A153C0-FF93-4F7F-9899-D032321D2FB0}.Debug|Any CPU.Build.0 = Debug|Any CPU
		{18A153C0-FF93-4F7F-9899-D032321D2FB0}.Debug|Force32.ActiveCfg = Debug|Any CPU
		{18A153C0-FF93-4F7F-9899-D032321D2FB0}.Release|Any CPU.ActiveCfg = Release|Any CPU
		{18A153C0-FF93-4F7F-9899-D032321D2FB0}.Release|Any CPU.Build.0 = Release|Any CPU
		{18A153C0-FF93-4F7F-9899-D032321D2FB0}.Release|Force32.ActiveCfg = Release|Any CPU
		{ABA5C555-D714-48B4-87E2-4BE5272543D1}.Debug|Any CPU.ActiveCfg = Debug|Any CPU
		{ABA5C555-D714-48B4-87E2-4BE5272543D1}.Debug|Any CPU.Build.0 = Debug|Any CPU
		{ABA5C555-D714-48B4-87E2-4BE5272543D1}.Debug|Force32.ActiveCfg = Debug|Any CPU
		{ABA5C555-D714-48B4-87E2-4BE5272543D1}.Release|Any CPU.ActiveCfg = Release|Any CPU
		{ABA5C555-D714-48B4-87E2-4BE5272543D1}.Release|Any CPU.Build.0 = Release|Any CPU
		{ABA5C555-D714-48B4-87E2-4BE5272543D1}.Release|Force32.ActiveCfg = Release|Any CPU
	EndGlobalSection
	GlobalSection(SolutionProperties) = preSolution
		HideSolutionNode = FALSE
	EndGlobalSection
	GlobalSection(NestedProjects) = preSolution
		{F683619B-119C-45E2-8494-11407B5E84AE} = {50B69189-BC6F-42A4-B718-384FB65EE93C}
		{DBACF450-2FB8-4E48-BD22-D7DF9F058758} = {50B69189-BC6F-42A4-B718-384FB65EE93C}
		{3E83478E-F8BF-476A-9F53-AAC026F26EEB} = {50B69189-BC6F-42A4-B718-384FB65EE93C}
		{2FFE8DAB-7CC7-40FF-9523-38E6C15DE67B} = {50B69189-BC6F-42A4-B718-384FB65EE93C}
		{C668C8FD-DF17-4511-8E41-DB564C64BEE4} = {50B69189-BC6F-42A4-B718-384FB65EE93C}
	EndGlobalSection
EndGlobal
